# This file is automatically @generated by Cargo.
# It is not intended for manual editing.
version = 4

[[package]]
name = "day_01_part_01"
version = "0.1.0"

[[package]]
name = "day_01_part_02"
version = "0.1.0"

[[package]]
name = "day_02_part_01"
version = "0.1.0"

[[package]]
name = "day_02_part_02"
version = "0.1.0"

[[package]]
name = "day_03_part_01"
version = "0.1.0"

[[package]]
name = "day_03_part_02"
version = "0.1.0"

[[package]]
name = "day_04_part_01"
version = "0.1.0"

[[package]]
name = "day_04_part_02"
version = "0.1.0"
